#
# This file is autogenerated by pip-compile with Python 3.12
# by the following command:
#
#    pip-compile --allow-unsafe --generate-hashes --no-index --output-file=packaging/appimage/sdists.lock sdists.in
#
pycairo==1.29.2 \
    --hash=sha256:00cb8f7a343e6ab5a6a2d275184b511ed2132ef1bdcba03487283cdc01b593d2 \
    --hash=sha256:0b87aa05a50a2c8cf2489dffc1b12f88b6e2fe384075f8c799367625081ca3cd \
    --hash=sha256:0e49de5b93fc1e76e670f368b9bd0ffc881c72f506e4293c4b4d79f52cbe4c47 \
    --hash=sha256:104dc796eaf9ae4194079e1948634cdc8b88088437e1fd8e997853d2e78407c6 \
    --hash=sha256:29e3389c0b6d3dafda1b2360a8938790c2c7b6971b78e109a565c1cb91f8ae9a \
    --hash=sha256:3e69fff74fe64f5ba2dfa31f67c6bdf26413342574047437d2ac520d35e9a489 \
    --hash=sha256:50c30f88fa12b722ac8f997b67f83f5ea8fad06bc1d6c33dbdab504eb9978e56 \
    --hash=sha256:680a2bd4ab97d088483044774e8007ad7da109f0715df900f3bd328fe52c2e34 \
    --hash=sha256:6b0410280b82bf60a84185392f720c099d71524dd7983f93d9abe18c8b2cd3a6 \
    --hash=sha256:75b1b6ff515b6bcb89e86c5f2bb4762c46f0fcbde6c444ea035c8fecd1bc8b55 \
    --hash=sha256:786373ba1bd78fbdec02cb1c99254eef12438bf942dd13534fe61b948becb527 \
    --hash=sha256:806cd0f1266776fb6e881ce322569f0439993d66df0eeb8a255b1316f947acd0 \
    --hash=sha256:88cbf5632be0b9255822b457d3bfe4f9eb0bc24e5520f54b6c4334e4f5b0f5aa \
    --hash=sha256:98360270afaa909bcc1769f299160123322da29d2a7310763b0ddc16e624d5c6 \
    --hash=sha256:9bb09bca782b5e21a4beb698075b5504f234af0597920f0c0439979226a76182 \
    --hash=sha256:a9ed77de6f9ba148d493360d1b2a93be8a785c8ae855d4fd6e8df293ed58ddd8 \
    --hash=sha256:b97fd674dea445eae40387353f32665dbe19080a2ef63df97fd81273afc6e9d1 \
    --hash=sha256:bc9e26b7e9577d3655509766275653aa945f101fb28c197496facf8c9ba90321 \
    --hash=sha256:c5dfa99afdde95b82325f240d144008a6b5be99405e74070540a1b7a857eb2a7 \
    --hash=sha256:c66e08496678ba36d2d2aed2add1fade358b96c4842cb8b558c77ae01ca61fa7 \
    --hash=sha256:edbe75fe4267bda95f3bec1fcb6e90cccf10e72a8e2645bd1b3431e9a75225ce \
    --hash=sha256:fc75fca130e8f9b3d1548b322b0b79b149f482478d1b70e771c66c4dfc654d4f
    # via
    #   -r sdists.in
    #   pygobject
pygobject==3.58.0 \
    --hash=sha256:45068697de3ffe46840ca369705f23118b34db4f7deb63f6eff079a6734ddcca
    # via -r sdists.in
